// !$*UTF8*$!
{
	archiveVersion = 1;
	classes = {
	};
	objectVersion = 56;
	objects = {

/* Begin PBXBuildFile section */
		8C6CDF1E2DA6F95C00E6FA4F /* Fax_Echo_TXApp.swift in Sources */ = {isa = PBXBuildFile; fileRef = 8C6CDF1D2DA6F95C00E6FA4F /* Fax_Echo_TXApp.swift */; };
		8C6CDF202DA6F95C00E6FA4F /* ContentView.swift in Sources */ = {isa = PBXBuildFile; fileRef = 8C6CDF1F2DA6F95C00E6FA4F /* ContentView.swift */; };
		8C6CDF222DA6F95C00E6FA4F /* Item.swift in Sources */ = {isa = PBXBuildFile; fileRef = 8C6CDF212DA6F95C00E6FA4F /* Item.swift */; };
		8C6CDF242DA6F95E00E6FA4F /* Assets.xcassets in Resources */ = {isa = PBXBuildFile; fileRef = 8C6CDF232DA6F95E00E6FA4F /* Assets.xcassets */; };
		8C6CDF272DA6F95E00E6FA4F /* Preview Assets.xcassets in Resources */ = {isa = PBXBuildFile; fileRef = 8C6CDF262DA6F95E00E6FA4F /* Preview Assets.xcassets */; };
		8C6CDF312DA6F95E00E6FA4F /* Fax_Echo_TXTests.swift in Sources */ = {isa = PBXBuildFile; fileRef = 8C6CDF302DA6F95E00E6FA4F /* Fax_Echo_TXTests.swift */; };
		8C6CDF3B2DA6F95E00E6FA4F /* Fax_Echo_TXUITests.swift in Sources */ = {isa = PBXBuildFile; fileRef = 8C6CDF3A2DA6F95E00E6FA4F /* Fax_Echo_TXUITests.swift */; };
		8C6CDF3D2DA6F95E00E6FA4F /* Fax_Echo_TXUITestsLaunchTests.swift in Sources */ = {isa = PBXBuildFile; fileRef = 8C6CDF3C2DA6F95E00E6FA4F /* Fax_Echo_TXUITestsLaunchTests.swift */; };
/* End PBXBuildFile section */

/* Begin PBXContainerItemProxy section */
		8C6CDF2D2DA6F95E00E6FA4F /* PBXContainerItemProxy */ = {
			isa = PBXContainerItemProxy;
			containerPortal = 8C6CDF122DA6F95C00E6FA4F /* Project object */;
			proxyType = 1;
			remoteGlobalIDString = 8C6CDF192DA6F95C00E6FA4F;
			remoteInfo = "Fax Echo TX";
		};
		8C6CDF372DA6F95E00E6FA4F /* PBXContainerItemProxy */ = {
			isa = PBXContainerItemProxy;
			containerPortal = 8C6CDF122DA6F95C00E6FA4F /* Project object */;
			proxyType = 1;
			remoteGlobalIDString = 8C6CDF192DA6F95C00E6FA4F;
			remoteInfo = "Fax Echo TX";
		};
/* End PBXContainerItemProxy section */

/* Begin PBXFileReference section */
		8C6CDF1A2DA6F95C00E6FA4F /* Fax Echo TX.app */ = {isa = PBXFileReference; explicitFileType = wrapper.application; includeInIndex = 0; path = "Fax Echo TX.app"; sourceTree = BUILT_PRODUCTS_DIR; };
		8C6CDF1D2DA6F95C00E6FA4F /* Fax_Echo_TXApp.swift */ = {isa = PBXFileReference; lastKnownFileType = sourcecode.swift; path = Fax_Echo_TXApp.swift; sourceTree = "<group>"; };
		8C6CDF1F2DA6F95C00E6FA4F /* ContentView.swift */ = {isa = PBXFileReference; lastKnownFileType = sourcecode.swift; path = ContentView.swift; sourceTree = "<group>"; };
		8C6CDF212DA6F95C00E6FA4F /* Item.swift */ = {isa = PBXFileReference; lastKnownFileType = sourcecode.swift; path = Item.swift; sourceTree = "<group>"; };
		8C6CDF232DA6F95E00E6FA4F /* Assets.xcassets */ = {isa = PBXFileReference; lastKnownFileType = folder.assetcatalog; path = Assets.xcassets; sourceTree = "<group>"; };
		8C6CDF262DA6F95E00E6FA4F /* Preview Assets.xcassets */ = {isa = PBXFileReference; lastKnownFileType = folder.assetcatalog; path = "Preview Assets.xcassets"; sourceTree = "<group>"; };
		8C6CDF2C2DA6F95E00E6FA4F /* Fax Echo TXTests.xctest */ = {isa = PBXFileReference; explicitFileType = wrapper.cfbundle; includeInIndex = 0; path = "Fax Echo TXTests.xctest"; sourceTree = BUILT_PRODUCTS_DIR; };
		8C6CDF302DA6F95E00E6FA4F /* Fax_Echo_TXTests.swift */ = {isa = PBXFileReference; lastKnownFileType = sourcecode.swift; path = Fax_Echo_TXTests.swift; sourceTree = "<group>"; };
		8C6CDF362DA6F95E00E6FA4F /* Fax Echo TXUITests.xctest */ = {isa = PBXFileReference; explicitFileType = wrapper.cfbundle; includeInIndex = 0; path = "Fax Echo TXUITests.xctest"; sourceTree = BUILT_PRODUCTS_DIR; };
		8C6CDF3A2DA6F95E00E6FA4F /* Fax_Echo_TXUITests.swift */ = {isa = PBXFileReference; lastKnownFileType = sourcecode.swift; path = Fax_Echo_TXUITests.swift; sourceTree = "<group>"; };
		8C6CDF3C2DA6F95E00E6FA4F /* Fax_Echo_TXUITestsLaunchTests.swift */ = {isa = PBXFileReference; lastKnownFileType = sourcecode.swift; path = Fax_Echo_TXUITestsLaunchTests.swift; sourceTree = "<group>"; };
/* End PBXFileReference section */

/* Begin PBXFrameworksBuildPhase section */
		8C6CDF172DA6F95C00E6FA4F /* Frameworks */ = {
			isa = PBXFrameworksBuildPhase;
			buildActionMask = 2147483647;
			files = (
			);
			runOnlyForDeploymentPostprocessing = 0;
		};
		8C6CDF292DA6F95E00E6FA4F /* Frameworks */ = {
			isa = PBXFrameworksBuildPhase;
			buildActionMask = 2147483647;
			files = (
			);
			runOnlyForDeploymentPostprocessing = 0;
		};
		8C6CDF332DA6F95E00E6FA4F /* Frameworks */ = {
			isa = PBXFrameworksBuildPhase;
			buildActionMask = 2147483647;
			files = (
			);
			runOnlyForDeploymentPostprocessing = 0;
		};
/* End PBXFrameworksBuildPhase section */

/* Begin PBXGroup section */
		8C6CDF112DA6F95C00E6FA4F = {
			isa = PBXGroup;
			children = (
				8C6CDF1C2DA6F95C00E6FA4F /* Fax Echo TX */,
				8C6CDF2F2DA6F95E00E6FA4F /* Fax Echo TXTests */,
				8C6CDF392DA6F95E00E6FA4F /* Fax Echo TXUITests */,
				8C6CDF1B2DA6F95C00E6FA4F /* Products */,
			);
			sourceTree = "<group>";
		};
		8C6CDF1B2DA6F95C00E6FA4F /* Products */ = {
			isa = PBXGroup;
			children = (
				8C6CDF1A2DA6F95C00E6FA4F /* Fax Echo TX.app */,
				8C6CDF2C2DA6F95E00E6FA4F /* Fax Echo TXTests.xctest */,
				8C6CDF362DA6F95E00E6FA4F /* Fax Echo TXUITests.xctest */,
			);
			name = Products;
			sourceTree = "<group>";
		};
		8C6CDF1C2DA6F95C00E6FA4F /* Fax Echo TX */ = {
			isa = PBXGroup;
			children = (
				8C6CDF1D2DA6F95C00E6FA4F /* Fax_Echo_TXApp.swift */,
				8C6CDF1F2DA6F95C00E6FA4F /* ContentView.swift */,
				8C6CDF212DA6F95C00E6FA4F /* Item.swift */,
				8C6CDF232DA6F95E00E6FA4F /* Assets.xcassets */,
				8C6CDF252DA6F95E00E6FA4F /* Preview Content */,
			);
			path = "Fax Echo TX";
			sourceTree = "<group>";
		};
		8C6CDF252DA6F95E00E6FA4F /* Preview Content */ = {
			isa = PBXGroup;
			children = (
				8C6CDF262DA6F95E00E6FA4F /* Preview Assets.xcassets */,
			);
			path = "Preview Content";
			sourceTree = "<group>";
		};
		8C6CDF2F2DA6F95E00E6FA4F /* Fax Echo TXTests */ = {
			isa = PBXGroup;
			children = (
				8C6CDF302DA6F95E00E6FA4F /* Fax_Echo_TXTests.swift */,
			);
			path = "Fax Echo TXTests";
			sourceTree = "<group>";
		};
		8C6CDF392DA6F95E00E6FA4F /* Fax Echo TXUITests */ = {
			isa = PBXGroup;
			children = (
				8C6CDF3A2DA6F95E00E6FA4F /* Fax_Echo_TXUITests.swift */,
				8C6CDF3C2DA6F95E00E6FA4F /* Fax_Echo_TXUITestsLaunchTests.swift */,
			);
			path = "Fax Echo TXUITests";
			sourceTree = "<group>";
		};
/* End PBXGroup section */

/* Begin PBXNativeTarget section */
		8C6CDF192DA6F95C00E6FA4F /* Fax Echo TX */ = {
			isa = PBXNativeTarget;
			buildConfigurationList = 8C6CDF402DA6F95E00E6FA4F /* Build configuration list for PBXNativeTarget "Fax Echo TX" */;
			buildPhases = (
				8C6CDF162DA6F95C00E6FA4F /* Sources */,
				8C6CDF172DA6F95C00E6FA4F /* Frameworks */,
				8C6CDF182DA6F95C00E6FA4F /* Resources */,
			);
			buildRules = (
			);
			dependencies = (
			);
			name = "Fax Echo TX";
			productName = "Fax Echo TX";
			productReference = 8C6CDF1A2DA6F95C00E6FA4F /* Fax Echo TX.app */;
			productType = "com.apple.product-type.application";
		};
		8C6CDF2B2DA6F95E00E6FA4F /* Fax Echo TXTests */ = {
			isa = PBXNativeTarget;
			buildConfigurationList = 8C6CDF432DA6F95E00E6FA4F /* Build configuration list for PBXNativeTarget "Fax Echo TXTests" */;
			buildPhases = (
				8C6CDF282DA6F95E00E6FA4F /* Sources */,
				8C6CDF292DA6F95E00E6FA4F /* Frameworks */,
				8C6CDF2A2DA6F95E00E6FA4F /* Resources */,
			);
			buildRules = (
			);
			dependencies = (
				8C6CDF2E2DA6F95E00E6FA4F /* PBXTargetDependency */,
			);
			name = "Fax Echo TXTests";
			productName = "Fax Echo TXTests";
			productReference = 8C6CDF2C2DA6F95E00E6FA4F /* Fax Echo TXTests.xctest */;
			productType = "com.apple.product-type.bundle.unit-test";
		};
		8C6CDF352DA6F95E00E6FA4F /* Fax Echo TXUITests */ = {
			isa = PBXNativeTarget;
			buildConfigurationList = 8C6CDF462DA6F95E00E6FA4F /* Build configuration list for PBXNativeTarget "Fax Echo TXUITests" */;
			buildPhases = (
				8C6CDF322DA6F95E00E6FA4F /* Sources */,
				8C6CDF332DA6F95E00E6FA4F /* Frameworks */,
				8C6CDF342DA6F95E00E6FA4F /* Resources */,
			);
			buildRules = (
			);
			dependencies = (
				8C6CDF382DA6F95E00E6FA4F /* PBXTargetDependency */,
			);
			name = "Fax Echo TXUITests";
			productName = "Fax Echo TXUITests";
			productReference = 8C6CDF362DA6F95E00E6FA4F /* Fax Echo TXUITests.xctest */;
			productType = "com.apple.product-type.bundle.ui-testing";
		};
/* End PBXNativeTarget section */

/* Begin PBXProject section */
		8C6CDF122DA6F95C00E6FA4F /* Project object */ = {
			isa = PBXProject;
			attributes = {
				BuildIndependentTargetsInParallel = 1;
				LastSwiftUpdateCheck = 1540;
				LastUpgradeCheck = 1540;
				TargetAttributes = {
					8C6CDF192DA6F95C00E6FA4F = {
						CreatedOnToolsVersion = 15.4;
					};
					8C6CDF2B2DA6F95E00E6FA4F = {
						CreatedOnToolsVersion = 15.4;
						TestTargetID = 8C6CDF192DA6F95C00E6FA4F;
					};
					8C6CDF352DA6F95E00E6FA4F = {
						CreatedOnToolsVersion = 15.4;
						TestTargetID = 8C6CDF192DA6F95C00E6FA4F;
					};
				};
			};
			buildConfigurationList = 8C6CDF152DA6F95C00E6FA4F /* Build configuration list for PBXProject "Fax Echo TX" */;
			compatibilityVersion = "Xcode 14.0";
			developmentRegion = en;
			hasScannedForEncodings = 0;
			knownRegions = (
				en,
				Base,
			);
			mainGroup = 8C6CDF112DA6F95C00E6FA4F;
			productRefGroup = 8C6CDF1B2DA6F95C00E6FA4F /* Products */;
			projectDirPath = "";
			projectRoot = "";
			targets = (
				8C6CDF192DA6F95C00E6FA4F /* Fax Echo TX */,
				8C6CDF2B2DA6F95E00E6FA4F /* Fax Echo TXTests */,
				8C6CDF352DA6F95E00E6FA4F /* Fax Echo TXUITests */,
			);
		};
/* End PBXProject section */

/* Begin PBXResourcesBuildPhase section */
		8C6CDF182DA6F95C00E6FA4F /* Resources */ = {
			isa = PBXResourcesBuildPhase;
			buildActionMask = 2147483647;
			files = (
				8C6CDF272DA6F95E00E6FA4F /* Preview Assets.xcassets in Resources */,
				8C6CDF242DA6F95E00E6FA4F /* Assets.xcassets in Resources */,
			);
			runOnlyForDeploymentPostprocessing = 0;
		};
		8C6CDF2A2DA6F95E00E6FA4F /* Resources */ = {
			isa = PBXResourcesBuildPhase;
			buildActionMask = 2147483647;
			files = (
			);
			runOnlyForDeploymentPostprocessing = 0;
		};
		8C6CDF342DA6F95E00E6FA4F /* Resources */ = {
			isa = PBXResourcesBuildPhase;
			buildActionMask = 2147483647;
			files = (
			);
			runOnlyForDeploymentPostprocessing = 0;
		};
/* End PBXResourcesBuildPhase section */

/* Begin PBXSourcesBuildPhase section */
		8C6CDF162DA6F95C00E6FA4F /* Sources */ = {
			isa = PBXSourcesBuildPhase;
			buildActionMask = 2147483647;
			files = (
				8C6CDF202DA6F95C00E6FA4F /* ContentView.swift in Sources */,
				8C6CDF222DA6F95C00E6FA4F /* Item.swift in Sources */,
				8C6CDF1E2DA6F95C00E6FA4F /* Fax_Echo_TXApp.swift in Sources */,
			);
			runOnlyForDeploymentPostprocessing = 0;
		};
		8C6CDF282DA6F95E00E6FA4F /* Sources */ = {
			isa = PBXSourcesBuildPhase;
			buildActionMask = 2147483647;
			files = (
				8C6CDF312DA6F95E00E6FA4F /* Fax_Echo_TXTests.swift in Sources */,
			);
			runOnlyForDeploymentPostprocessing = 0;
		};
		8C6CDF322DA6F95E00E6FA4F /* Sources */ = {
			isa = PBXSourcesBuildPhase;
			buildActionMask = 2147483647;
			files = (
				8C6CDF3B2DA6F95E00E6FA4F /* Fax_Echo_TXUITests.swift in Sources */,
				8C6CDF3D2DA6F95E00E6FA4F /* Fax_Echo_TXUITestsLaunchTests.swift in Sources */,
			);
			runOnlyForDeploymentPostprocessing = 0;
		};
/* End PBXSourcesBuildPhase section */

/* Begin PBXTargetDependency section */
		8C6CDF2E2DA6F95E00E6FA4F /* PBXTargetDependency */ = {
			isa = PBXTargetDependency;
			target = 8C6CDF192DA6F95C00E6FA4F /* Fax Echo TX */;
			targetProxy = 8C6CDF2D2DA6F95E00E6FA4F /* PBXContainerItemProxy */;
		};
		8C6CDF382DA6F95E00E6FA4F /* PBXTargetDependency */ = {
			isa = PBXTargetDependency;
			target = 8C6CDF192DA6F95C00E6FA4F /* Fax Echo TX */;
			targetProxy = 8C6CDF372DA6F95E00E6FA4F /* PBXContainerItemProxy */;
		};
/* End PBXTargetDependency section */

/* Begin XCBuildConfiguration section */
		8C6CDF3E2DA6F95E00E6FA4F /* Debug */ = {
			isa = XCBuildConfiguration;
			buildSettings = {
				ALWAYS_SEARCH_USER_PATHS = NO;
				ASSETCATALOG_COMPILER_GENERATE_SWIFT_ASSET_SYMBOL_EXTENSIONS = YES;
				CLANG_ANALYZER_NONNULL = YES;
				CLANG_ANALYZER_NUMBER_OBJECT_CONVERSION = YES_AGGRESSIVE;
				CLANG_CXX_LANGUAGE_STANDARD = "gnu++20";
				CLANG_ENABLE_MODULES = YES;
				CLANG_ENABLE_OBJC_ARC = YES;
				CLANG_ENABLE_OBJC_WEAK = YES;
				CLANG_WARN_BLOCK_CAPTURE_AUTORELEASING = YES;
				CLANG_WARN_BOOL_CONVERSION = YES;
				CLANG_WARN_COMMA = YES;
				CLANG_WARN_CONSTANT_CONVERSION = YES;
				CLANG_WARN_DEPRECATED_OBJC_IMPLEMENTATIONS = YES;
				CLANG_WARN_DIRECT_OBJC_ISA_USAGE = YES_ERROR;
				CLANG_WARN_DOCUMENTATION_COMMENTS = YES;
				CLANG_WARN_EMPTY_BODY = YES;
				CLANG_WARN_ENUM_CONVERSION = YES;
				CLANG_WARN_INFINITE_RECURSION = YES;
				CLANG_WARN_INT_CONVERSION = YES;
				CLANG_WARN_NON_LITERAL_NULL_CONVERSION = YES;
				CLANG_WARN_OBJC_IMPLICIT_RETAIN_SELF = YES;
				CLANG_WARN_OBJC_LITERAL_CONVERSION = YES;
				CLANG_WARN_OBJC_ROOT_CLASS = YES_ERROR;
				CLANG_WARN_QUOTED_INCLUDE_IN_FRAMEWORK_HEADER = YES;
				CLANG_WARN_RANGE_LOOP_ANALYSIS = YES;
				CLANG_WARN_STRICT_PROTOTYPES = YES;
				CLANG_WARN_SUSPICIOUS_MOVE = YES;
				CLANG_WARN_UNGUARDED_AVAILABILITY = YES_AGGRESSIVE;
				CLANG_WARN_UNREACHABLE_CODE = YES;
				CLANG_WARN__DUPLICATE_METHOD_MATCH = YES;
				COPY_PHASE_STRIP = NO;
				DEBUG_INFORMATION_FORMAT = dwarf;
				ENABLE_STRICT_OBJC_MSGSEND = YES;
				ENABLE_TESTABILITY = YES;
				ENABLE_USER_SCRIPT_SANDBOXING = YES;
				GCC_C_LANGUAGE_STANDARD = gnu17;
				GCC_DYNAMIC_NO_PIC = NO;
				GCC_NO_COMMON_BLOCKS = YES;
				GCC_OPTIMIZATION_LEVEL = 0;
				GCC_PREPROCESSOR_DEFINITIONS = (
					"DEBUG=1",
					"$(inherited)",
				);
				GCC_WARN_64_TO_32_BIT_CONVERSION = YES;
				GCC_WARN_ABOUT_RETURN_TYPE = YES_ERROR;
				GCC_WARN_UNDECLARED_SELECTOR = YES;
				GCC_WARN_UNINITIALIZED_AUTOS = YES_AGGRESSIVE;
				GCC_WARN_UNUSED_FUNCTION = YES;
				GCC_WARN_UNUSED_VARIABLE = YES;
				IPHONEOS_DEPLOYMENT_TARGET = 17.5;
				LOCALIZATION_PREFERS_STRING_CATALOGS = YES;
				MTL_ENABLE_DEBUG_INFO = INCLUDE_SOURCE;
				MTL_FAST_MATH = YES;
				ONLY_ACTIVE_ARCH = YES;
				SDKROOT = iphoneos;
				SWIFT_ACTIVE_COMPILATION_CONDITIONS = "DEBUG $(inherited)";
				SWIFT_OPTIMIZATION_LEVEL = "-Onone";
			};
			name = Debug;
		};
		8C6CDF3F2DA6F95E00E6FA4F /* Release */ = {
			isa = XCBuildConfiguration;
			buildSettings = {
				ALWAYS_SEARCH_USER_PATHS = NO;
				ASSETCATALOG_COMPILER_GENERATE_SWIFT_ASSET_SYMBOL_EXTENSIONS = YES;
				CLANG_ANALYZER_NONNULL = YES;
				CLANG_ANALYZER_NUMBER_OBJECT_CONVERSION = YES_AGGRESSIVE;
				CLANG_CXX_LANGUAGE_STANDARD = "gnu++20";
				CLANG_ENABLE_MODULES = YES;
				CLANG_ENABLE_OBJC_ARC = YES;
				CLANG_ENABLE_OBJC_WEAK = YES;
				CLANG_WARN_BLOCK_CAPTURE_AUTORELEASING = YES;
				CLANG_WARN_BOOL_CONVERSION = YES;
				CLANG_WARN_COMMA = YES;
				CLANG_WARN_CONSTANT_CONVERSION = YES;
				CLANG_WARN_DEPRECATED_OBJC_IMPLEMENTATIONS = YES;
				CLANG_WARN_DIRECT_OBJC_ISA_USAGE = YES_ERROR;
				CLANG_WARN_DOCUMENTATION_COMMENTS = YES;
				CLANG_WARN_EMPTY_BODY = YES;
				CLANG_WARN_ENUM_CONVERSION = YES;
				CLANG_WARN_INFINITE_RECURSION = YES;
				CLANG_WARN_INT_CONVERSION = YES;
				CLANG_WARN_NON_LITERAL_NULL_CONVERSION = YES;
				CLANG_WARN_OBJC_IMPLICIT_RETAIN_SELF = YES;
				CLANG_WARN_OBJC_LITERAL_CONVERSION = YES;
				CLANG_WARN_OBJC_ROOT_CLASS = YES_ERROR;
				CLANG_WARN_QUOTED_INCLUDE_IN_FRAMEWORK_HEADER = YES;
				CLANG_WARN_RANGE_LOOP_ANALYSIS = YES;
				CLANG_WARN_STRICT_PROTOTYPES = YES;
				CLANG_WARN_SUSPICIOUS_MOVE = YES;
				CLANG_WARN_UNGUARDED_AVAILABILITY = YES_AGGRESSIVE;
				CLANG_WARN_UNREACHABLE_CODE = YES;
				CLANG_WARN__DUPLICATE_METHOD_MATCH = YES;
				COPY_PHASE_STRIP = NO;
				DEBUG_INFORMATION_FORMAT = "dwarf-with-dsym";
				ENABLE_NS_ASSERTIONS = NO;
				ENABLE_STRICT_OBJC_MSGSEND = YES;
				ENABLE_USER_SCRIPT_SANDBOXING = YES;
				GCC_C_LANGUAGE_STANDARD = gnu17;
				GCC_NO_COMMON_BLOCKS = YES;
				GCC_WARN_64_TO_32_BIT_CONVERSION = YES;
				GCC_WARN_ABOUT_RETURN_TYPE = YES_ERROR;
				GCC_WARN_UNDECLARED_SELECTOR = YES;
				GCC_WARN_UNINITIALIZED_AUTOS = YES_AGGRESSIVE;
				GCC_WARN_UNUSED_FUNCTION = YES;
				GCC_WARN_UNUSED_VARIABLE = YES;
				IPHONEOS_DEPLOYMENT_TARGET = 17.5;
				LOCALIZATION_PREFERS_STRING_CATALOGS = YES;
				MTL_ENABLE_DEBUG_INFO = NO;
				MTL_FAST_MATH = YES;
				SDKROOT = iphoneos;
				SWIFT_COMPILATION_MODE = wholemodule;
				VALIDATE_PRODUCT = YES;
			};
			name = Release;
		};
		8C6CDF412DA6F95E00E6FA4F /* Debug */ = {
			isa = XCBuildConfiguration;
			buildSettings = {
				ASSETCATALOG_COMPILER_APPICON_NAME = AppIcon;
				ASSETCATALOG_COMPILER_GLOBAL_ACCENT_COLOR_NAME = AccentColor;
				CODE_SIGN_STYLE = Automatic;
				CURRENT_PROJECT_VERSION = 1;
				DEVELOPMENT_ASSET_PATHS = "\"Fax Echo TX/Preview Content\"";
				DEVELOPMENT_TEAM = 86C8SC428C;
				ENABLE_PREVIEWS = YES;
				GENERATE_INFOPLIST_FILE = YES;
				INFOPLIST_KEY_UIApplicationSceneManifest_Generation = YES;
				INFOPLIST_KEY_UIApplicationSupportsIndirectInputEvents = YES;
				INFOPLIST_KEY_UILaunchScreen_Generation = YES;
				INFOPLIST_KEY_UISupportedInterfaceOrientations_iPad = "UIInterfaceOrientationPortrait UIInterfaceOrientationPortraitUpsideDown UIInterfaceOrientationLandscapeLeft UIInterfaceOrientationLandscapeRight";
				INFOPLIST_KEY_UISupportedInterfaceOrientations_iPhone = "UIInterfaceOrientationPortrait UIInterfaceOrientationLandscapeLeft UIInterfaceOrientationLandscapeRight";
				LD_RUNPATH_SEARCH_PATHS = (
					"$(inherited)",
					"@executable_path/Frameworks",
				);
				MARKETING_VERSION = 1.0;
				PRODUCT_BUNDLE_IDENTIFIER = "com.sigabrt.Fax-Echo-TX";
				PRODUCT_NAME = "$(TARGET_NAME)";
				SWIFT_EMIT_LOC_STRINGS = YES;
				SWIFT_VERSION = 5.0;
				TARGETED_DEVICE_FAMILY = "1,2";
			};
			name = Debug;
		};
		8C6CDF422DA6F95E00E6FA4F /* Release */ = {
			isa = XCBuildConfiguration;
			buildSettings = {
				ASSETCATALOG_COMPILER_APPICON_NAME = AppIcon;
				ASSETCATALOG_COMPILER_GLOBAL_ACCENT_COLOR_NAME = AccentColor;
				CODE_SIGN_STYLE = Automatic;
				CURRENT_PROJECT_VERSION = 1;
				DEVELOPMENT_ASSET_PATHS = "\"Fax Echo TX/Preview Content\"";
				DEVELOPMENT_TEAM = 86C8SC428C;
				ENABLE_PREVIEWS = YES;
				GENERATE_INFOPLIST_FILE = YES;
				INFOPLIST_KEY_UIApplicationSceneManifest_Generation = YES;
				INFOPLIST_KEY_UIApplicationSupportsIndirectInputEvents = YES;
				INFOPLIST_KEY_UILaunchScreen_Generation = YES;
				INFOPLIST_KEY_UISupportedInterfaceOrientations_iPad = "UIInterfaceOrientationPortrait UIInterfaceOrientationPortraitUpsideDown UIInterfaceOrientationLandscapeLeft UIInterfaceOrientationLandscapeRight";
				INFOPLIST_KEY_UISupportedInterfaceOrientations_iPhone = "UIInterfaceOrientationPortrait UIInterfaceOrientationLandscapeLeft UIInterfaceOrientationLandscapeRight";
				LD_RUNPATH_SEARCH_PATHS = (
					"$(inherited)",
					"@executable_path/Frameworks",
				);
				MARKETING_VERSION = 1.0;
				PRODUCT_BUNDLE_IDENTIFIER = "com.sigabrt.Fax-Echo-TX";
				PRODUCT_NAME = "$(TARGET_NAME)";
				SWIFT_EMIT_LOC_STRINGS = YES;
				SWIFT_VERSION = 5.0;
				TARGETED_DEVICE_FAMILY = "1,2";
			};
			name = Release;
		};
		8C6CDF442DA6F95E00E6FA4F /* Debug */ = {
			isa = XCBuildConfiguration;
			buildSettings = {
				ALWAYS_EMBED_SWIFT_STANDARD_LIBRARIES = YES;
				BUNDLE_LOADER = "$(TEST_HOST)";
				CODE_SIGN_STYLE = Automatic;
				CURRENT_PROJECT_VERSION = 1;
				DEVELOPMENT_TEAM = 86C8SC428C;
				GENERATE_INFOPLIST_FILE = YES;
				IPHONEOS_DEPLOYMENT_TARGET = 17.5;
				MARKETING_VERSION = 1.0;
				PRODUCT_BUNDLE_IDENTIFIER = "com.sigabrt.Fax-Echo-TXTests";
				PRODUCT_NAME = "$(TARGET_NAME)";
				SWIFT_EMIT_LOC_STRINGS = NO;
				SWIFT_VERSION = 5.0;
				TARGETED_DEVICE_FAMILY = "1,2";
				TEST_HOST = "$(BUILT_PRODUCTS_DIR)/Fax Echo TX.app/$(BUNDLE_EXECUTABLE_FOLDER_PATH)/Fax Echo TX";
			};
			name = Debug;
		};
		8C6CDF452DA6F95E00E6FA4F /* Release */ = {
			isa = XCBuildConfiguration;
			buildSettings = {
				ALWAYS_EMBED_SWIFT_STANDARD_LIBRARIES = YES;
				BUNDLE_LOADER = "$(TEST_HOST)";
				CODE_SIGN_STYLE = Automatic;
				CURRENT_PROJECT_VERSION = 1;
				DEVELOPMENT_TEAM = 86C8SC428C;
				GENERATE_INFOPLIST_FILE = YES;
				IPHONEOS_DEPLOYMENT_TARGET = 17.5;
				MARKETING_VERSION = 1.0;
				PRODUCT_BUNDLE_IDENTIFIER = "com.sigabrt.Fax-Echo-TXTests";
				PRODUCT_NAME = "$(TARGET_NAME)";
				SWIFT_EMIT_LOC_STRINGS = NO;
				SWIFT_VERSION = 5.0;
				TARGETED_DEVICE_FAMILY = "1,2";
				TEST_HOST = "$(BUILT_PRODUCTS_DIR)/Fax Echo TX.app/$(BUNDLE_EXECUTABLE_FOLDER_PATH)/Fax Echo TX";
			};
			name = Release;
		};
		8C6CDF472DA6F95E00E6FA4F /* Debug */ = {
			isa = XCBuildConfiguration;
			buildSettings = {
				ALWAYS_EMBED_SWIFT_STANDARD_LIBRARIES = YES;
				CODE_SIGN_STYLE = Automatic;
				CURRENT_PROJECT_VERSION = 1;
				DEVELOPMENT_TEAM = 86C8SC428C;
				GENERATE_INFOPLIST_FILE = YES;
				MARKETING_VERSION = 1.0;
				PRODUCT_BUNDLE_IDENTIFIER = "com.sigabrt.Fax-Echo-TXUITests";
				PRODUCT_NAME = "$(TARGET_NAME)";
				SWIFT_EMIT_LOC_STRINGS = NO;
				SWIFT_VERSION = 5.0;
				TARGETED_DEVICE_FAMILY = "1,2";
				TEST_TARGET_NAME = "Fax Echo TX";
			};
			name = Debug;
		};
		8C6CDF482DA6F95E00E6FA4F /* Release */ = {
			isa = XCBuildConfiguration;
			buildSettings = {
				ALWAYS_EMBED_SWIFT_STANDARD_LIBRARIES = YES;
				CODE_SIGN_STYLE = Automatic;
				CURRENT_PROJECT_VERSION = 1;
				DEVELOPMENT_TEAM = 86C8SC428C;
				GENERATE_INFOPLIST_FILE = YES;
				MARKETING_VERSION = 1.0;
				PRODUCT_BUNDLE_IDENTIFIER = "com.sigabrt.Fax-Echo-TXUITests";
				PRODUCT_NAME = "$(TARGET_NAME)";
				SWIFT_EMIT_LOC_STRINGS = NO;
				SWIFT_VERSION = 5.0;
				TARGETED_DEVICE_FAMILY = "1,2";
				TEST_TARGET_NAME = "Fax Echo TX";
			};
			name = Release;
		};
/* End XCBuildConfiguration section */

/* Begin XCConfigurationList section */
		8C6CDF152DA6F95C00E6FA4F /* Build configuration list for PBXProject "Fax Echo TX" */ = {
			isa = XCConfigurationList;
			buildConfigurations = (
				8C6CDF3E2DA6F95E00E6FA4F /* Debug */,
				8C6CDF3F2DA6F95E00E6FA4F /* Release */,
			);
			defaultConfigurationIsVisible = 0;
			defaultConfigurationName = Release;
		};
		8C6CDF402DA6F95E00E6FA4F /* Build configuration list for PBXNativeTarget "Fax Echo TX" */ = {
			isa = XCConfigurationList;
			buildConfigurations = (
				8C6CDF412DA6F95E00E6FA4F /* Debug */,
				8C6CDF422DA6F95E00E6FA4F /* Release */,
			);
			defaultConfigurationIsVisible = 0;
			defaultConfigurationName = Release;
		};
		8C6CDF432DA6F95E00E6FA4F /* Build configuration list for PBXNativeTarget "Fax Echo TXTests" */ = {
			isa = XCConfigurationList;
			buildConfigurations = (
				8C6CDF442DA6F95E00E6FA4F /* Debug */,
				8C6CDF452DA6F95E00E6FA4F /* Release */,
			);
			defaultConfigurationIsVisible = 0;
			defaultConfigurationName = Release;
		};
		8C6CDF462DA6F95E00E6FA4F /* Build configuration list for PBXNativeTarget "Fax Echo TXUITests" */ = {
			isa = XCConfigurationList;
			buildConfigurations = (
				8C6CDF472DA6F95E00E6FA4F /* Debug */,
				8C6CDF482DA6F95E00E6FA4F /* Release */,
			);
			defaultConfigurationIsVisible = 0;
			defaultConfigurationName = Release;
		};
/* End XCConfigurationList section */
	};
	rootObject = 8C6CDF122DA6F95C00E6FA4F /* Project object */;
}
